
Microsoft Visual Studio Solution File, Format Version 12.00
# Visual Studio Version 17
VisualStudioVersion = 17.6.33815.320
MinimumVisualStudioVersion = 10.0.40219.1
Project("{FAE04EC0-301F-11D3-BF4B-00C04F79EFBC}") = "HelloWorldEnterpriseEdition", "src\HelloWorldEnterpriseEdition\HelloWorldEnterpriseEdition.csproj", "{3CF2484B-4806-4AB3-857C-30C9F579D387}"
EndProject
Project("{2150E333-8FDC-42A3-9474-1A3956D46DE8}") = "Solution Items", "Solution Items", "{1AB4BCB2-FF95-445B-A8B8-3C57D3365B8E}"
	ProjectSection(SolutionItems) = preProject
		README.md = README.md
	EndProjectSection
EndProject
Project("{FAE04EC0-301F-11D3-BF4B-00C04F79EFBC}") = "HelloWorldEnterpriseEdition.Tests", "tests\HelloWorldEnterpriseEdition.Tests\HelloWorldEnterpriseEdition.Tests.csproj", "{940C6B73-9EDA-4F45-88C5-C083FA542F59}"
EndProject
Global
	GlobalSection(SolutionConfigurationPlatforms) = preSolution
		Debug|Any CPU = Debug|Any CPU
		Release|Any CPU = Release|Any CPU
	EndGlobalSection
	GlobalSection(ProjectConfigurationPlatforms) = postSolution
		{3CF2484B-4806-4AB3-857C-30C9F579D387}.Debug|Any CPU.ActiveCfg = Debug|Any CPU
		{3CF2484B-4806-4AB3-857C-30C9F579D387}.Debug|Any CPU.Build.0 = Debug|Any CPU
		{3CF2484B-4806-4AB3-857C-30C9F579D387}.Release|Any CPU.ActiveCfg = Release|Any CPU
		{3CF2484B-4806-4AB3-857C-30C9F579D387}.Release|Any CPU.Build.0 = Release|Any CPU
		{940C6B73-9EDA-4F45-88C5-C083FA542F59}.Debug|Any CPU.ActiveCfg = Debug|Any CPU
		{940C6B73-9EDA-4F45-88C5-C083FA542F59}.Debug|Any CPU.Build.0 = Debug|Any CPU
		{940C6B73-9EDA-4F45-88C5-C083FA542F59}.Release|Any CPU.ActiveCfg = Release|Any CPU
		{940C6B73-9EDA-4F45-88C5-C083FA542F59}.Release|Any CPU.Build.0 = Release|Any CPU
	EndGlobalSection
	GlobalSection(SolutionProperties) = preSolution
		HideSolutionNode = FALSE
	EndGlobalSection
	GlobalSection(ExtensibilityGlobals) = postSolution
		SolutionGuid = {25584D51-B533-4216-875D-8BB21214E8B1}
	EndGlobalSection
EndGlobal
